
Microsoft Visual Studio Solution File, Format Version 12.00
# Visual Studio Version 17
VisualStudioVersion = 17.10.35122.118
MinimumVisualStudioVersion = 10.0.40219.1
Project("{FAE04EC0-301F-11D3-BF4B-00C04F79EFBC}") = "Determinar si numero de la serie es primo", "Determinar si numero de la serie es primo\Determinar si numero de la serie es primo.csproj", "{FF4A7E0E-C3CE-4CDC-BFC7-69CD35ED7F13}"
EndProject
Global
	GlobalSection(SolutionConfigurationPlatforms) = preSolution
		Debug|Any CPU = Debug|Any CPU
		Release|Any CPU = Release|Any CPU
	EndGlobalSection
	GlobalSection(ProjectConfigurationPlatforms) = postSolution
		{FF4A7E0E-C3CE-4CDC-BFC7-69CD35ED7F13}.Debug|Any CPU.ActiveCfg = Debug|Any CPU
		{FF4A7E0E-C3CE-4CDC-BFC7-69CD35ED7F13}.Debug|Any CPU.Build.0 = Debug|Any CPU
		{FF4A7E0E-C3CE-4CDC-BFC7-69CD35ED7F13}.Release|Any CPU.ActiveCfg = Release|Any CPU
		{FF4A7E0E-C3CE-4CDC-BFC7-69CD35ED7F13}.Release|Any CPU.Build.0 = Release|Any CPU
	EndGlobalSection
	GlobalSection(SolutionProperties) = preSolution
		HideSolutionNode = FALSE
	EndGlobalSection
	GlobalSection(ExtensibilityGlobals) = postSolution
		SolutionGuid = {72610FBA-6F1E-4456-A4A3-9FA90F433559}
	EndGlobalSection
EndGlobal
